
Microsoft Visual Studio Solution File, Format Version 12.00
# Visual Studio Version 17
VisualStudioVersion = 17.14.36414.22
MinimumVisualStudioVersion = 10.0.40219.1
Project("{2150E333-8FDC-42A3-9474-1A3956D46DE8}") = "Task0", "Task0", "{02EA681E-C7D8-13C7-8484-4AC65E1B71E8}"
EndProject
Project("{FAE04EC0-301F-11D3-BF4B-00C04F79EFBC}") = "Tyuiu.NasadukJA.Sprint0.Task0.V0", "Tyuiu.NasadukJA.Sprint0.Task0.V0\Tyuiu.NasadukJA.Sprint0.Task0.V0.csproj", "{2CEECBDE-E662-4FF8-A550-1EE4A411C772}"
EndProject
Project("{2150E333-8FDC-42A3-9474-1A3956D46DE8}") = "Task1", "Task1", "{07029331-81B3-4E51-9555-A0EDB9311E53}"
EndProject
Project("{FAE04EC0-301F-11D3-BF4B-00C04F79EFBC}") = "Tyuiu.NasadukJA.Sprint0.Task1.V0", "Tyuiu.NasadukJA.Sprint0.Task1.V0\Tyuiu.NasadukJA.Sprint0.Task1.V0.csproj", "{BDA49A2E-52C8-4A51-AC19-58E409C18AC8}"
EndProject
Project("{2150E333-8FDC-42A3-9474-1A3956D46DE8}") = "Task2", "Task2", "{2C3A7242-65C4-463C-90BC-8173E0BAAAF1}"
EndProject
Project("{FAE04EC0-301F-11D3-BF4B-00C04F79EFBC}") = "Tyuiu.NasadukJA.Sprint0.Task2.V0", "Tyuiu.NasadukJA.Sprint0.Task2.V0\Tyuiu.NasadukJA.Sprint0.Task2.V0.csproj", "{C19A0DDF-55E6-4D7A-BDE1-953706755D1E}"
EndProject
Project("{FAE04EC0-301F-11D3-BF4B-00C04F79EFBC}") = "Tyuiu.NasadukJA.Sprint0.Task2.V0.Lib", "Tyuiu.NasadukJA.Sprint0.Task2.V0.Lib\Tyuiu.NasadukJA.Sprint0.Task2.V0.Lib.csproj", "{860EC3FC-6A13-4270-88DC-8CF14EFBA31C}"
EndProject
Project("{FAE04EC0-301F-11D3-BF4B-00C04F79EFBC}") = "Tyuiu.NasadukJA.Sprint0.Task2.V0.Test", "Tyuiu.NasadukJA.Sprint0.Task2.V0.Test\Tyuiu.NasadukJA.Sprint0.Task2.V0.Test.csproj", "{E0A53DEA-EBD2-4229-A05F-BB6B5096BBC2}"
EndProject
Project("{2150E333-8FDC-42A3-9474-1A3956D46DE8}") = "Task3", "Task3", "{76D1C902-78A3-440D-9CDD-CEFDE4C2F8C3}"
EndProject
Project("{FAE04EC0-301F-11D3-BF4B-00C04F79EFBC}") = "Tyuiu.NasadukJA.Sprint0.Task3.V0.Test", "Tyuiu.NasadukJA.Sprint0.Task3.V0.Test\Tyuiu.NasadukJA.Sprint0.Task3.V0.Test.csproj", "{3AAA918A-6E10-4698-AA5F-A76D40025D63}"
EndProject
Project("{FAE04EC0-301F-11D3-BF4B-00C04F79EFBC}") = "Tyuiu.NasadukJA.Sprint0.Task3.V0", "Tyuiu.NasadukJA.Sprint0.Task3.V0\Tyuiu.NasadukJA.Sprint0.Task3.V0.csproj", "{FBE44175-361C-44B9-92FC-669FDDB4C041}"
EndProject
Project("{FAE04EC0-301F-11D3-BF4B-00C04F79EFBC}") = "Tyuiu.NasadukJA.Sprint0.Task3.V0.Lib", "Tyuiu.NasadukJA.Sprint0.Task3.V0.Lib\Tyuiu.NasadukJA.Sprint0.Task3.V0.Lib.csproj", "{0EE5A87F-600B-4F13-A60A-72F30D8A755F}"
EndProject
Project("{2150E333-8FDC-42A3-9474-1A3956D46DE8}") = "Task4", "Task4", "{9441D285-7448-4B5E-95EB-778647DBF349}"
EndProject
Project("{FAE04EC0-301F-11D3-BF4B-00C04F79EFBC}") = "Tyuiu.NasadukJA.Sprint0.Task4.V0.Lib", "Tyuiu.NasadukJA.Sprint0.Task4.V0.Lib\Tyuiu.NasadukJA.Sprint0.Task4.V0.Lib.csproj", "{0631F90D-14BD-416D-88C9-A89005354D7D}"
EndProject
Project("{FAE04EC0-301F-11D3-BF4B-00C04F79EFBC}") = "Tyuiu.NasadukJA.Sprint0.Task4.V0", "Tyuiu.NasadukJA.Sprint0.Task4.V0\Tyuiu.NasadukJA.Sprint0.Task4.V0.csproj", "{084E9180-195E-411F-BBA7-656439F1ECB9}"
EndProject
Project("{FAE04EC0-301F-11D3-BF4B-00C04F79EFBC}") = "Tyuiu.NasadukJA.Sprint0.Task4.V0.Test", "Tyuiu.NasadukJA.Sprint0.Task4.V0.Test\Tyuiu.NasadukJA.Sprint0.Task4.V0.Test.csproj", "{5E5DFE4B-06D2-40C7-83C0-BDDFD8EE2EC2}"
EndProject
Project("{2150E333-8FDC-42A3-9474-1A3956D46DE8}") = "Task5", "Task5", "{D2EB639C-258A-4088-9C06-536A0FDD58A2}"
EndProject
Project("{FAE04EC0-301F-11D3-BF4B-00C04F79EFBC}") = "Tyuiu.NasadukJA.Sprint0.Task5.V0.Test", "Tyuiu.NasadukJA.Sprint0.Task5.V0.Test\Tyuiu.NasadukJA.Sprint0.Task5.V0.Test.csproj", "{F68BBFC5-E220-4DE3-A8BE-870DD5F98B69}"
EndProject
Project("{FAE04EC0-301F-11D3-BF4B-00C04F79EFBC}") = "Tyuiu.NasadukJA.Sprint0.Task5.V0.Lib", "Tyuiu.NasadukJA.Sprint0.Task5.V0.Lib\Tyuiu.NasadukJA.Sprint0.Task5.V0.Lib.csproj", "{2497EA01-106B-4B54-ABBC-C17E0BB9A0F4}"
EndProject
Project("{FAE04EC0-301F-11D3-BF4B-00C04F79EFBC}") = "Tyuiu.NasadukJA.Sprint0.Task5.V0", "Tyuiu.NasadukJA.Sprint0.Task5.V0\Tyuiu.NasadukJA.Sprint0.Task5.V0.csproj", "{28BBC3F5-516E-4D67-81B6-0F752C846F51}"
EndProject
Project("{2150E333-8FDC-42A3-9474-1A3956D46DE8}") = "Task6", "Task6", "{1709A832-3080-4068-9E88-E56DD586556E}"
EndProject
Project("{FAE04EC0-301F-11D3-BF4B-00C04F79EFBC}") = "Tyuiu.NasadukJA.Sprint0.Task6.V0", "Tyuiu.NasadukJA.Sprint0.Task6.V0\Tyuiu.NasadukJA.Sprint0.Task6.V0.csproj", "{0A901134-6B4A-4015-B1B2-007FF762C444}"
EndProject
Project("{FAE04EC0-301F-11D3-BF4B-00C04F79EFBC}") = "Tyuiu.NasadukJA.Sprint0.Task6.V0.Lib", "Tyuiu.NasadukJA.Sprint0.Task6.V0.Lib\Tyuiu.NasadukJA.Sprint0.Task6.V0.Lib.csproj", "{8E8D282B-D1F6-439D-B49A-99E9236C5678}"
EndProject
Project("{FAE04EC0-301F-11D3-BF4B-00C04F79EFBC}") = "Tyuiu.NasadukJA.Sprint0.Task6.V0.Test", "Tyuiu.NasadukJA.Sprint0.Task6.V0.Test\Tyuiu.NasadukJA.Sprint0.Task6.V0.Test.csproj", "{6751CFAE-6243-4B2F-B1AE-FB5CE6133F81}"
EndProject
Global
	GlobalSection(SolutionConfigurationPlatforms) = preSolution
		Debug|Any CPU = Debug|Any CPU
		Release|Any CPU = Release|Any CPU
	EndGlobalSection
	GlobalSection(ProjectConfigurationPlatforms) = postSolution
		{2CEECBDE-E662-4FF8-A550-1EE4A411C772}.Debug|Any CPU.ActiveCfg = Debug|Any CPU
		{2CEECBDE-E662-4FF8-A550-1EE4A411C772}.Debug|Any CPU.Build.0 = Debug|Any CPU
		{2CEECBDE-E662-4FF8-A550-1EE4A411C772}.Release|Any CPU.ActiveCfg = Release|Any CPU
		{2CEECBDE-E662-4FF8-A550-1EE4A411C772}.Release|Any CPU.Build.0 = Release|Any CPU
		{BDA49A2E-52C8-4A51-AC19-58E409C18AC8}.Debug|Any CPU.ActiveCfg = Debug|Any CPU
		{BDA49A2E-52C8-4A51-AC19-58E409C18AC8}.Debug|Any CPU.Build.0 = Debug|Any CPU
		{BDA49A2E-52C8-4A51-AC19-58E409C18AC8}.Release|Any CPU.ActiveCfg = Release|Any CPU
		{BDA49A2E-52C8-4A51-AC19-58E409C18AC8}.Release|Any CPU.Build.0 = Release|Any CPU
		{C19A0DDF-55E6-4D7A-BDE1-953706755D1E}.Debug|Any CPU.ActiveCfg = Debug|Any CPU
		{C19A0DDF-55E6-4D7A-BDE1-953706755D1E}.Debug|Any CPU.Build.0 = Debug|Any CPU
		{C19A0DDF-55E6-4D7A-BDE1-953706755D1E}.Release|Any CPU.ActiveCfg = Release|Any CPU
		{C19A0DDF-55E6-4D7A-BDE1-953706755D1E}.Release|Any CPU.Build.0 = Release|Any CPU
		{860EC3FC-6A13-4270-88DC-8CF14EFBA31C}.Debug|Any CPU.ActiveCfg = Debug|Any CPU
		{860EC3FC-6A13-4270-88DC-8CF14EFBA31C}.Debug|Any CPU.Build.0 = Debug|Any CPU
		{860EC3FC-6A13-4270-88DC-8CF14EFBA31C}.Release|Any CPU.ActiveCfg = Release|Any CPU
		{860EC3FC-6A13-4270-88DC-8CF14EFBA31C}.Release|Any CPU.Build.0 = Release|Any CPU
		{E0A53DEA-EBD2-4229-A05F-BB6B5096BBC2}.Debug|Any CPU.ActiveCfg = Debug|Any CPU
		{E0A53DEA-EBD2-4229-A05F-BB6B5096BBC2}.Debug|Any CPU.Build.0 = Debug|Any CPU
		{E0A53DEA-EBD2-4229-A05F-BB6B5096BBC2}.Release|Any CPU.ActiveCfg = Release|Any CPU
		{E0A53DEA-EBD2-4229-A05F-BB6B5096BBC2}.Release|Any CPU.Build.0 = Release|Any CPU
		{3AAA918A-6E10-4698-AA5F-A76D40025D63}.Debug|Any CPU.ActiveCfg = Debug|Any CPU
		{3AAA918A-6E10-4698-AA5F-A76D40025D63}.Debug|Any CPU.Build.0 = Debug|Any CPU
		{3AAA918A-6E10-4698-AA5F-A76D40025D63}.Release|Any CPU.ActiveCfg = Release|Any CPU
		{3AAA918A-6E10-4698-AA5F-A76D40025D63}.Release|Any CPU.Build.0 = Release|Any CPU
		{FBE44175-361C-44B9-92FC-669FDDB4C041}.Debug|Any CPU.ActiveCfg = Debug|Any CPU
		{FBE44175-361C-44B9-92FC-669FDDB4C041}.Debug|Any CPU.Build.0 = Debug|Any CPU
		{FBE44175-361C-44B9-92FC-669FDDB4C041}.Release|Any CPU.ActiveCfg = Release|Any CPU
		{FBE44175-361C-44B9-92FC-669FDDB4C041}.Release|Any CPU.Build.0 = Release|Any CPU
		{0EE5A87F-600B-4F13-A60A-72F30D8A755F}.Debug|Any CPU.ActiveCfg = Debug|Any CPU
		{0EE5A87F-600B-4F13-A60A-72F30D8A755F}.Debug|Any CPU.Build.0 = Debug|Any CPU
		{0EE5A87F-600B-4F13-A60A-72F30D8A755F}.Release|Any CPU.ActiveCfg = Release|Any CPU
		{0EE5A87F-600B-4F13-A60A-72F30D8A755F}.Release|Any CPU.Build.0 = Release|Any CPU
		{0631F90D-14BD-416D-88C9-A89005354D7D}.Debug|Any CPU.ActiveCfg = Debug|Any CPU
		{0631F90D-14BD-416D-88C9-A89005354D7D}.Debug|Any CPU.Build.0 = Debug|Any CPU
		{0631F90D-14BD-416D-88C9-A89005354D7D}.Release|Any CPU.ActiveCfg = Release|Any CPU
		{0631F90D-14BD-416D-88C9-A89005354D7D}.Release|Any CPU.Build.0 = Release|Any CPU
		{084E9180-195E-411F-BBA7-656439F1ECB9}.Debug|Any CPU.ActiveCfg = Debug|Any CPU
		{084E9180-195E-411F-BBA7-656439F1ECB9}.Debug|Any CPU.Build.0 = Debug|Any CPU
		{084E9180-195E-411F-BBA7-656439F1ECB9}.Release|Any CPU.ActiveCfg = Release|Any CPU
		{084E9180-195E-411F-BBA7-656439F1ECB9}.Release|Any CPU.Build.0 = Release|Any CPU
		{5E5DFE4B-06D2-40C7-83C0-BDDFD8EE2EC2}.Debug|Any CPU.ActiveCfg = Debug|Any CPU
		{5E5DFE4B-06D2-40C7-83C0-BDDFD8EE2EC2}.Debug|Any CPU.Build.0 = Debug|Any CPU
		{5E5DFE4B-06D2-40C7-83C0-BDDFD8EE2EC2}.Release|Any CPU.ActiveCfg = Release|Any CPU
		{5E5DFE4B-06D2-40C7-83C0-BDDFD8EE2EC2}.Release|Any CPU.Build.0 = Release|Any CPU
		{F68BBFC5-E220-4DE3-A8BE-870DD5F98B69}.Debug|Any CPU.ActiveCfg = Debug|Any CPU
		{F68BBFC5-E220-4DE3-A8BE-870DD5F98B69}.Debug|Any CPU.Build.0 = Debug|Any CPU
		{F68BBFC5-E220-4DE3-A8BE-870DD5F98B69}.Release|Any CPU.ActiveCfg = Release|Any CPU
		{F68BBFC5-E220-4DE3-A8BE-870DD5F98B69}.Release|Any CPU.Build.0 = Release|Any CPU
		{2497EA01-106B-4B54-ABBC-C17E0BB9A0F4}.Debug|Any CPU.ActiveCfg = Debug|Any CPU
		{2497EA01-106B-4B54-ABBC-C17E0BB9A0F4}.Debug|Any CPU.Build.0 = Debug|Any CPU
		{2497EA01-106B-4B54-ABBC-C17E0BB9A0F4}.Release|Any CPU.ActiveCfg = Release|Any CPU
		{2497EA01-106B-4B54-ABBC-C17E0BB9A0F4}.Release|Any CPU.Build.0 = Release|Any CPU
		{28BBC3F5-516E-4D67-81B6-0F752C846F51}.Debug|Any CPU.ActiveCfg = Debug|Any CPU
		{28BBC3F5-516E-4D67-81B6-0F752C846F51}.Debug|Any CPU.Build.0 = Debug|Any CPU
		{28BBC3F5-516E-4D67-81B6-0F752C846F51}.Release|Any CPU.ActiveCfg = Release|Any CPU
		{28BBC3F5-516E-4D67-81B6-0F752C846F51}.Release|Any CPU.Build.0 = Release|Any CPU
		{0A901134-6B4A-4015-B1B2-007FF762C444}.Debug|Any CPU.ActiveCfg = Debug|Any CPU
		{0A901134-6B4A-4015-B1B2-007FF762C444}.Debug|Any CPU.Build.0 = Debug|Any CPU
		{0A901134-6B4A-4015-B1B2-007FF762C444}.Release|Any CPU.ActiveCfg = Release|Any CPU
		{0A901134-6B4A-4015-B1B2-007FF762C444}.Release|Any CPU.Build.0 = Release|Any CPU
		{8E8D282B-D1F6-439D-B49A-99E9236C5678}.Debug|Any CPU.ActiveCfg = Debug|Any CPU
		{8E8D282B-D1F6-439D-B49A-99E9236C5678}.Debug|Any CPU.Build.0 = Debug|Any CPU
		{8E8D282B-D1F6-439D-B49A-99E9236C5678}.Release|Any CPU.ActiveCfg = Release|Any CPU
		{8E8D282B-D1F6-439D-B49A-99E9236C5678}.Release|Any CPU.Build.0 = Release|Any CPU
		{6751CFAE-6243-4B2F-B1AE-FB5CE6133F81}.Debug|Any CPU.ActiveCfg = Debug|Any CPU
		{6751CFAE-6243-4B2F-B1AE-FB5CE6133F81}.Debug|Any CPU.Build.0 = Debug|Any CPU
		{6751CFAE-6243-4B2F-B1AE-FB5CE6133F81}.Release|Any CPU.ActiveCfg = Release|Any CPU
		{6751CFAE-6243-4B2F-B1AE-FB5CE6133F81}.Release|Any CPU.Build.0 = Release|Any CPU
	EndGlobalSection
	GlobalSection(SolutionProperties) = preSolution
		HideSolutionNode = FALSE
	EndGlobalSection
	GlobalSection(NestedProjects) = preSolution
		{2CEECBDE-E662-4FF8-A550-1EE4A411C772} = {02EA681E-C7D8-13C7-8484-4AC65E1B71E8}
		{BDA49A2E-52C8-4A51-AC19-58E409C18AC8} = {07029331-81B3-4E51-9555-A0EDB9311E53}
		{C19A0DDF-55E6-4D7A-BDE1-953706755D1E} = {2C3A7242-65C4-463C-90BC-8173E0BAAAF1}
		{860EC3FC-6A13-4270-88DC-8CF14EFBA31C} = {2C3A7242-65C4-463C-90BC-8173E0BAAAF1}
		{E0A53DEA-EBD2-4229-A05F-BB6B5096BBC2} = {2C3A7242-65C4-463C-90BC-8173E0BAAAF1}
		{3AAA918A-6E10-4698-AA5F-A76D40025D63} = {76D1C902-78A3-440D-9CDD-CEFDE4C2F8C3}
		{FBE44175-361C-44B9-92FC-669FDDB4C041} = {76D1C902-78A3-440D-9CDD-CEFDE4C2F8C3}
		{0EE5A87F-600B-4F13-A60A-72F30D8A755F} = {76D1C902-78A3-440D-9CDD-CEFDE4C2F8C3}
		{0631F90D-14BD-416D-88C9-A89005354D7D} = {9441D285-7448-4B5E-95EB-778647DBF349}
		{084E9180-195E-411F-BBA7-656439F1ECB9} = {9441D285-7448-4B5E-95EB-778647DBF349}
		{5E5DFE4B-06D2-40C7-83C0-BDDFD8EE2EC2} = {9441D285-7448-4B5E-95EB-778647DBF349}
		{F68BBFC5-E220-4DE3-A8BE-870DD5F98B69} = {D2EB639C-258A-4088-9C06-536A0FDD58A2}
		{2497EA01-106B-4B54-ABBC-C17E0BB9A0F4} = {D2EB639C-258A-4088-9C06-536A0FDD58A2}
		{28BBC3F5-516E-4D67-81B6-0F752C846F51} = {D2EB639C-258A-4088-9C06-536A0FDD58A2}
		{0A901134-6B4A-4015-B1B2-007FF762C444} = {1709A832-3080-4068-9E88-E56DD586556E}
		{8E8D282B-D1F6-439D-B49A-99E9236C5678} = {1709A832-3080-4068-9E88-E56DD586556E}
		{6751CFAE-6243-4B2F-B1AE-FB5CE6133F81} = {1709A832-3080-4068-9E88-E56DD586556E}
	EndGlobalSection
	GlobalSection(ExtensibilityGlobals) = postSolution
		SolutionGuid = {02BD0BEB-6567-4E48-A51E-0BBE3791C916}
	EndGlobalSection
EndGlobal
