
Microsoft Visual Studio Solution File, Format Version 12.00
# Visual Studio Version 17
VisualStudioVersion = 17.14.36414.22 d17.14
MinimumVisualStudioVersion = 10.0.40219.1
Project("{2150E333-8FDC-42A3-9474-1A3956D46DE8}") = "Task0", "Task0", "{02EA681E-C7D8-13C7-8484-4AC65E1B71E8}"
EndProject
Project("{FAE04EC0-301F-11D3-BF4B-00C04F79EFBC}") = "Tyuiu.NasadukJA.Sprint0.Task0.V0", "Tyuiu.NasadukJA.Sprint0.Task0.V0\Tyuiu.NasadukJA.Sprint0.Task0.V0.csproj", "{2CEECBDE-E662-4FF8-A550-1EE4A411C772}"
EndProject
Project("{2150E333-8FDC-42A3-9474-1A3956D46DE8}") = "Task1", "Task1", "{07029331-81B3-4E51-9555-A0EDB9311E53}"
EndProject
Project("{FAE04EC0-301F-11D3-BF4B-00C04F79EFBC}") = "Tyuiu.NasadukJA.Sprint0.Task1.V0", "Tyuiu.NasadukJA.Sprint0.Task1.V0\Tyuiu.NasadukJA.Sprint0.Task1.V0.csproj", "{BDA49A2E-52C8-4A51-AC19-58E409C18AC8}"
EndProject
Global
	GlobalSection(SolutionConfigurationPlatforms) = preSolution
		Debug|Any CPU = Debug|Any CPU
		Release|Any CPU = Release|Any CPU
	EndGlobalSection
	GlobalSection(ProjectConfigurationPlatforms) = postSolution
		{2CEECBDE-E662-4FF8-A550-1EE4A411C772}.Debug|Any CPU.ActiveCfg = Debug|Any CPU
		{2CEECBDE-E662-4FF8-A550-1EE4A411C772}.Debug|Any CPU.Build.0 = Debug|Any CPU
		{2CEECBDE-E662-4FF8-A550-1EE4A411C772}.Release|Any CPU.ActiveCfg = Release|Any CPU
		{2CEECBDE-E662-4FF8-A550-1EE4A411C772}.Release|Any CPU.Build.0 = Release|Any CPU
		{BDA49A2E-52C8-4A51-AC19-58E409C18AC8}.Debug|Any CPU.ActiveCfg = Debug|Any CPU
		{BDA49A2E-52C8-4A51-AC19-58E409C18AC8}.Debug|Any CPU.Build.0 = Debug|Any CPU
		{BDA49A2E-52C8-4A51-AC19-58E409C18AC8}.Release|Any CPU.ActiveCfg = Release|Any CPU
		{BDA49A2E-52C8-4A51-AC19-58E409C18AC8}.Release|Any CPU.Build.0 = Release|Any CPU
	EndGlobalSection
	GlobalSection(SolutionProperties) = preSolution
		HideSolutionNode = FALSE
	EndGlobalSection
	GlobalSection(NestedProjects) = preSolution
		{2CEECBDE-E662-4FF8-A550-1EE4A411C772} = {02EA681E-C7D8-13C7-8484-4AC65E1B71E8}
		{BDA49A2E-52C8-4A51-AC19-58E409C18AC8} = {07029331-81B3-4E51-9555-A0EDB9311E53}
	EndGlobalSection
	GlobalSection(ExtensibilityGlobals) = postSolution
		SolutionGuid = {02BD0BEB-6567-4E48-A51E-0BBE3791C916}
	EndGlobalSection
EndGlobal
